
Microsoft Visual Studio Solution File, Format Version 12.00
# Visual Studio Version 17
VisualStudioVersion = 17.0.32112.339
MinimumVisualStudioVersion = 10.0.40219.1
Project("{9A19103F-16F7-4668-BE54-9A1E7A4F7556}") = "MvcCoreTest", "MvcCoreTest\MvcCoreTest.csproj", "{F7A690E6-34E5-4E81-B5FC-47B18EA895B8}"
EndProject
Global
	GlobalSection(SolutionConfigurationPlatforms) = preSolution
		Debug|Any CPU = Debug|Any CPU
		Release|Any CPU = Release|Any CPU
	EndGlobalSection
	GlobalSection(ProjectConfigurationPlatforms) = postSolution
		{F7A690E6-34E5-4E81-B5FC-47B18EA895B8}.Debug|Any CPU.ActiveCfg = Debug|Any CPU
		{F7A690E6-34E5-4E81-B5FC-47B18EA895B8}.Debug|Any CPU.Build.0 = Debug|Any CPU
		{F7A690E6-34E5-4E81-B5FC-47B18EA895B8}.Release|Any CPU.ActiveCfg = Release|Any CPU
		{F7A690E6-34E5-4E81-B5FC-47B18EA895B8}.Release|Any CPU.Build.0 = Release|Any CPU
	EndGlobalSection
	GlobalSection(SolutionProperties) = preSolution
		HideSolutionNode = FALSE
	EndGlobalSection
	GlobalSection(ExtensibilityGlobals) = postSolution
		SolutionGuid = {0E429F56-15BC-4006-AE63-4ED5B45AEF71}
	EndGlobalSection
EndGlobal
